
Microsoft Visual Studio Solution File, Format Version 12.00
# Visual Studio Version 17
VisualStudioVersion = 17.3.32825.248
MinimumVisualStudioVersion = 10.0.40219.1
Project("{54A90642-561A-4BB1-A94E-469ADEE60C69}") = "WorldCities", "WorldCities\WorldCities.esproj", "{632D2687-A44B-49D5-B31C-7DF7E031C3BF}"
EndProject
Project("{9A19103F-16F7-4668-BE54-9A1E7A4F7556}") = "WorldCitiesAPI", "WorldCitiesAPI\WorldCitiesAPI.csproj", "{46AA801A-3DFF-4A9D-B74E-9E379465583A}"
EndProject
Project("{9A19103F-16F7-4668-BE54-9A1E7A4F7556}") = "WorldCitiesAPI.Tests", "WorldCitiesAPI.Tests\WorldCitiesAPI.Tests.csproj", "{050D70E0-D1FD-4534-BD1B-48400F8755D0}"
EndProject
Global
	GlobalSection(SolutionConfigurationPlatforms) = preSolution
		Debug|Any CPU = Debug|Any CPU
		Release|Any CPU = Release|Any CPU
	EndGlobalSection
	GlobalSection(ProjectConfigurationPlatforms) = postSolution
		{632D2687-A44B-49D5-B31C-7DF7E031C3BF}.Debug|Any CPU.ActiveCfg = Debug|Any CPU
		{632D2687-A44B-49D5-B31C-7DF7E031C3BF}.Debug|Any CPU.Build.0 = Debug|Any CPU
		{632D2687-A44B-49D5-B31C-7DF7E031C3BF}.Debug|Any CPU.Deploy.0 = Debug|Any CPU
		{632D2687-A44B-49D5-B31C-7DF7E031C3BF}.Release|Any CPU.ActiveCfg = Release|Any CPU
		{632D2687-A44B-49D5-B31C-7DF7E031C3BF}.Release|Any CPU.Build.0 = Release|Any CPU
		{632D2687-A44B-49D5-B31C-7DF7E031C3BF}.Release|Any CPU.Deploy.0 = Release|Any CPU
		{46AA801A-3DFF-4A9D-B74E-9E379465583A}.Debug|Any CPU.ActiveCfg = Debug|Any CPU
		{46AA801A-3DFF-4A9D-B74E-9E379465583A}.Debug|Any CPU.Build.0 = Debug|Any CPU
		{46AA801A-3DFF-4A9D-B74E-9E379465583A}.Release|Any CPU.ActiveCfg = Release|Any CPU
		{46AA801A-3DFF-4A9D-B74E-9E379465583A}.Release|Any CPU.Build.0 = Release|Any CPU
		{050D70E0-D1FD-4534-BD1B-48400F8755D0}.Debug|Any CPU.ActiveCfg = Debug|Any CPU
		{050D70E0-D1FD-4534-BD1B-48400F8755D0}.Debug|Any CPU.Build.0 = Debug|Any CPU
		{050D70E0-D1FD-4534-BD1B-48400F8755D0}.Release|Any CPU.ActiveCfg = Release|Any CPU
		{050D70E0-D1FD-4534-BD1B-48400F8755D0}.Release|Any CPU.Build.0 = Release|Any CPU
	EndGlobalSection
	GlobalSection(SolutionProperties) = preSolution
		HideSolutionNode = FALSE
	EndGlobalSection
	GlobalSection(ExtensibilityGlobals) = postSolution
		SolutionGuid = {2AAEE51A-69C0-485F-ACFD-32FD1108BE3A}
	EndGlobalSection
EndGlobal
